
Microsoft Visual Studio Solution File, Format Version 12.00
# Visual Studio Version 17
VisualStudioVersion = 17.7.34031.279
MinimumVisualStudioVersion = 10.0.40219.1
Project("{2150E333-8FDC-42A3-9474-1A3956D46DE8}") = "solution-items", "solution-items", "{862A33C6-CC2C-4999-9A10-9407881F8816}"
	ProjectSection(SolutionItems) = preProject
		docker-compose-with-postgres.yml = docker-compose-with-postgres.yml
		Directory.Build.props = Directory.Build.props
		docker-compose.yml = docker-compose.yml
		README.md = README.md
	EndProjectSection
EndProject
Project("{9A19103F-16F7-4668-BE54-9A1E7A4F7556}") = "Study.TFA.Domain", "Study.TFA.Domain\Study.TFA.Domain.csproj", "{861FF422-8BCF-41B3-A6FA-C43E3AE6144E}"
EndProject
Project("{9A19103F-16F7-4668-BE54-9A1E7A4F7556}") = "Study.TFA.Storage", "Study.TFA.Storage\Study.TFA.Storage.csproj", "{CB494D3C-1EC8-4F75-8C50-39321301ABEB}"
EndProject
Project("{9A19103F-16F7-4668-BE54-9A1E7A4F7556}") = "Study.TFA.API", "Study.TFA.API\Study.TFA.API.csproj", "{A1E9B83C-CA75-4F27-A920-A8E92B69A634}"
EndProject
Project("{9A19103F-16F7-4668-BE54-9A1E7A4F7556}") = "Study.TFA.Domain.Tests", "Study.TFA.Domain.Tests\Study.TFA.Domain.Tests.csproj", "{C07DEF14-0CBD-4544-B498-F702DFD1DADD}"
EndProject
Project("{9A19103F-16F7-4668-BE54-9A1E7A4F7556}") = "Study.TFA.Domain.DependencyInjection", "Study.TFA.Domain.DependencyInjection\Study.TFA.Domain.DependencyInjection.csproj", "{E7B7CE9A-B46F-446A-8ECE-E2E34684326B}"
EndProject
Project("{9A19103F-16F7-4668-BE54-9A1E7A4F7556}") = "Study.TFA.Storage.DependencyInjection", "Study.TFA.Storage.DependencyInjection\Study.TFA.Storage.DependencyInjection.csproj", "{E7D8407F-1D5C-45E0-951E-C8D0CF648295}"
EndProject
Global
	GlobalSection(SolutionConfigurationPlatforms) = preSolution
		Debug|Any CPU = Debug|Any CPU
		Release|Any CPU = Release|Any CPU
	EndGlobalSection
	GlobalSection(ProjectConfigurationPlatforms) = postSolution
		{861FF422-8BCF-41B3-A6FA-C43E3AE6144E}.Debug|Any CPU.ActiveCfg = Debug|Any CPU
		{861FF422-8BCF-41B3-A6FA-C43E3AE6144E}.Debug|Any CPU.Build.0 = Debug|Any CPU
		{861FF422-8BCF-41B3-A6FA-C43E3AE6144E}.Release|Any CPU.ActiveCfg = Release|Any CPU
		{861FF422-8BCF-41B3-A6FA-C43E3AE6144E}.Release|Any CPU.Build.0 = Release|Any CPU
		{CB494D3C-1EC8-4F75-8C50-39321301ABEB}.Debug|Any CPU.ActiveCfg = Debug|Any CPU
		{CB494D3C-1EC8-4F75-8C50-39321301ABEB}.Debug|Any CPU.Build.0 = Debug|Any CPU
		{CB494D3C-1EC8-4F75-8C50-39321301ABEB}.Release|Any CPU.ActiveCfg = Release|Any CPU
		{CB494D3C-1EC8-4F75-8C50-39321301ABEB}.Release|Any CPU.Build.0 = Release|Any CPU
		{A1E9B83C-CA75-4F27-A920-A8E92B69A634}.Debug|Any CPU.ActiveCfg = Debug|Any CPU
		{A1E9B83C-CA75-4F27-A920-A8E92B69A634}.Debug|Any CPU.Build.0 = Debug|Any CPU
		{A1E9B83C-CA75-4F27-A920-A8E92B69A634}.Release|Any CPU.ActiveCfg = Release|Any CPU
		{A1E9B83C-CA75-4F27-A920-A8E92B69A634}.Release|Any CPU.Build.0 = Release|Any CPU
		{C07DEF14-0CBD-4544-B498-F702DFD1DADD}.Debug|Any CPU.ActiveCfg = Debug|Any CPU
		{C07DEF14-0CBD-4544-B498-F702DFD1DADD}.Debug|Any CPU.Build.0 = Debug|Any CPU
		{C07DEF14-0CBD-4544-B498-F702DFD1DADD}.Release|Any CPU.ActiveCfg = Release|Any CPU
		{C07DEF14-0CBD-4544-B498-F702DFD1DADD}.Release|Any CPU.Build.0 = Release|Any CPU
		{E7B7CE9A-B46F-446A-8ECE-E2E34684326B}.Debug|Any CPU.ActiveCfg = Debug|Any CPU
		{E7B7CE9A-B46F-446A-8ECE-E2E34684326B}.Debug|Any CPU.Build.0 = Debug|Any CPU
		{E7B7CE9A-B46F-446A-8ECE-E2E34684326B}.Release|Any CPU.ActiveCfg = Release|Any CPU
		{E7B7CE9A-B46F-446A-8ECE-E2E34684326B}.Release|Any CPU.Build.0 = Release|Any CPU
		{E7D8407F-1D5C-45E0-951E-C8D0CF648295}.Debug|Any CPU.ActiveCfg = Debug|Any CPU
		{E7D8407F-1D5C-45E0-951E-C8D0CF648295}.Debug|Any CPU.Build.0 = Debug|Any CPU
		{E7D8407F-1D5C-45E0-951E-C8D0CF648295}.Release|Any CPU.ActiveCfg = Release|Any CPU
		{E7D8407F-1D5C-45E0-951E-C8D0CF648295}.Release|Any CPU.Build.0 = Release|Any CPU
	EndGlobalSection
	GlobalSection(SolutionProperties) = preSolution
		HideSolutionNode = FALSE
	EndGlobalSection
	GlobalSection(ExtensibilityGlobals) = postSolution
		SolutionGuid = {0998E2D7-D69F-4FF7-8CA8-CCDFE2F7E4FB}
	EndGlobalSection
EndGlobal
